
Microsoft Visual Studio Solution File, Format Version 12.00
# Visual Studio Version 16
VisualStudioVersion = 16.0.30406.217
MinimumVisualStudioVersion = 10.0.40219.1
Project("{FAE04EC0-301F-11D3-BF4B-00C04F79EFBC}") = "WinFormsDemoSovellus", "WinFormsDemoSovellus\WinFormsDemoSovellus.csproj", "{F87FFEC8-C43D-469E-A297-00682E9F4118}"
EndProject
Global
	GlobalSection(SolutionConfigurationPlatforms) = preSolution
		Debug|Any CPU = Debug|Any CPU
		Release|Any CPU = Release|Any CPU
	EndGlobalSection
	GlobalSection(ProjectConfigurationPlatforms) = postSolution
		{F87FFEC8-C43D-469E-A297-00682E9F4118}.Debug|Any CPU.ActiveCfg = Debug|Any CPU
		{F87FFEC8-C43D-469E-A297-00682E9F4118}.Debug|Any CPU.Build.0 = Debug|Any CPU
		{F87FFEC8-C43D-469E-A297-00682E9F4118}.Release|Any CPU.ActiveCfg = Release|Any CPU
		{F87FFEC8-C43D-469E-A297-00682E9F4118}.Release|Any CPU.Build.0 = Release|Any CPU
	EndGlobalSection
	GlobalSection(SolutionProperties) = preSolution
		HideSolutionNode = FALSE
	EndGlobalSection
	GlobalSection(ExtensibilityGlobals) = postSolution
		SolutionGuid = {41808B28-60AD-4556-B4D7-B227D58C5B24}
	EndGlobalSection
EndGlobal
