
Microsoft Visual Studio Solution File, Format Version 12.00
# Visual Studio Version 16
VisualStudioVersion = 16.0.30406.217
MinimumVisualStudioVersion = 10.0.40219.1
Project("{FAE04EC0-301F-11D3-BF4B-00C04F79EFBC}") = "TiedostoJaPoikkeukset", "TiedostoJaPoikkeukset\TiedostoJaPoikkeukset.csproj", "{2D42D0B2-A96B-4FB3-869E-070562E4E508}"
EndProject
Global
	GlobalSection(SolutionConfigurationPlatforms) = preSolution
		Debug|Any CPU = Debug|Any CPU
		Release|Any CPU = Release|Any CPU
	EndGlobalSection
	GlobalSection(ProjectConfigurationPlatforms) = postSolution
		{2D42D0B2-A96B-4FB3-869E-070562E4E508}.Debug|Any CPU.ActiveCfg = Debug|Any CPU
		{2D42D0B2-A96B-4FB3-869E-070562E4E508}.Debug|Any CPU.Build.0 = Debug|Any CPU
		{2D42D0B2-A96B-4FB3-869E-070562E4E508}.Release|Any CPU.ActiveCfg = Release|Any CPU
		{2D42D0B2-A96B-4FB3-869E-070562E4E508}.Release|Any CPU.Build.0 = Release|Any CPU
	EndGlobalSection
	GlobalSection(SolutionProperties) = preSolution
		HideSolutionNode = FALSE
	EndGlobalSection
	GlobalSection(ExtensibilityGlobals) = postSolution
		SolutionGuid = {8D473C92-A4BB-4AAF-A152-97901094189E}
	EndGlobalSection
EndGlobal
