
Microsoft Visual Studio Solution File, Format Version 12.00
# Visual Studio Version 16
VisualStudioVersion = 16.0.30621.155
MinimumVisualStudioVersion = 10.0.40219.1
Project("{FAE04EC0-301F-11D3-BF4B-00C04F79EFBC}") = "DataIntegraatioDemo", "DataIntegraatioDemo\DataIntegraatioDemo.csproj", "{5D6D8BE7-6B07-483B-A3F5-ACD5A9728294}"
EndProject
Global
	GlobalSection(SolutionConfigurationPlatforms) = preSolution
		Debug|Any CPU = Debug|Any CPU
		Release|Any CPU = Release|Any CPU
	EndGlobalSection
	GlobalSection(ProjectConfigurationPlatforms) = postSolution
		{5D6D8BE7-6B07-483B-A3F5-ACD5A9728294}.Debug|Any CPU.ActiveCfg = Debug|Any CPU
		{5D6D8BE7-6B07-483B-A3F5-ACD5A9728294}.Debug|Any CPU.Build.0 = Debug|Any CPU
		{5D6D8BE7-6B07-483B-A3F5-ACD5A9728294}.Release|Any CPU.ActiveCfg = Release|Any CPU
		{5D6D8BE7-6B07-483B-A3F5-ACD5A9728294}.Release|Any CPU.Build.0 = Release|Any CPU
	EndGlobalSection
	GlobalSection(SolutionProperties) = preSolution
		HideSolutionNode = FALSE
	EndGlobalSection
	GlobalSection(ExtensibilityGlobals) = postSolution
		SolutionGuid = {A5296C28-3104-4E3B-A8E8-3F1A16615952}
	EndGlobalSection
EndGlobal
