
Microsoft Visual Studio Solution File, Format Version 12.00
# Visual Studio Version 16
VisualStudioVersion = 16.0.30907.101
MinimumVisualStudioVersion = 10.0.40219.1
Project("{FAE04EC0-301F-11D3-BF4B-00C04F79EFBC}") = "AzureWebAppDemo", "AzureWebAppDemo\AzureWebAppDemo.csproj", "{961A9F48-993B-48AA-A2B1-EBDF69FB373B}"
EndProject
Global
	GlobalSection(SolutionConfigurationPlatforms) = preSolution
		Debug|Any CPU = Debug|Any CPU
		Release|Any CPU = Release|Any CPU
	EndGlobalSection
	GlobalSection(ProjectConfigurationPlatforms) = postSolution
		{961A9F48-993B-48AA-A2B1-EBDF69FB373B}.Debug|Any CPU.ActiveCfg = Debug|Any CPU
		{961A9F48-993B-48AA-A2B1-EBDF69FB373B}.Debug|Any CPU.Build.0 = Debug|Any CPU
		{961A9F48-993B-48AA-A2B1-EBDF69FB373B}.Release|Any CPU.ActiveCfg = Release|Any CPU
		{961A9F48-993B-48AA-A2B1-EBDF69FB373B}.Release|Any CPU.Build.0 = Release|Any CPU
	EndGlobalSection
	GlobalSection(SolutionProperties) = preSolution
		HideSolutionNode = FALSE
	EndGlobalSection
	GlobalSection(ExtensibilityGlobals) = postSolution
		SolutionGuid = {BE12FAAD-6349-44C6-9CA5-8D2540AD6D51}
	EndGlobalSection
EndGlobal
