
Microsoft Visual Studio Solution File, Format Version 12.00
# Visual Studio Version 16
VisualStudioVersion = 16.0.30621.155
MinimumVisualStudioVersion = 10.0.40219.1
Project("{FAE04EC0-301F-11D3-BF4B-00C04F79EFBC}") = "Valuuttakurssit", "Valuuttakurssit\Valuuttakurssit.csproj", "{4F407F9C-48BD-43BA-9B62-1A81B13BC63C}"
EndProject
Global
	GlobalSection(SolutionConfigurationPlatforms) = preSolution
		Debug|Any CPU = Debug|Any CPU
		Release|Any CPU = Release|Any CPU
	EndGlobalSection
	GlobalSection(ProjectConfigurationPlatforms) = postSolution
		{4F407F9C-48BD-43BA-9B62-1A81B13BC63C}.Debug|Any CPU.ActiveCfg = Debug|Any CPU
		{4F407F9C-48BD-43BA-9B62-1A81B13BC63C}.Debug|Any CPU.Build.0 = Debug|Any CPU
		{4F407F9C-48BD-43BA-9B62-1A81B13BC63C}.Release|Any CPU.ActiveCfg = Release|Any CPU
		{4F407F9C-48BD-43BA-9B62-1A81B13BC63C}.Release|Any CPU.Build.0 = Release|Any CPU
	EndGlobalSection
	GlobalSection(SolutionProperties) = preSolution
		HideSolutionNode = FALSE
	EndGlobalSection
	GlobalSection(ExtensibilityGlobals) = postSolution
		SolutionGuid = {3C3E6E86-8D98-43F9-8555-F03C0ED87D9E}
	EndGlobalSection
EndGlobal
