
Microsoft Visual Studio Solution File, Format Version 12.00
# Visual Studio Version 16
VisualStudioVersion = 16.0.30406.217
MinimumVisualStudioVersion = 10.0.40219.1
Project("{FAE04EC0-301F-11D3-BF4B-00C04F79EFBC}") = "EntityFrameworkDemo", "EntityFrameworkDemo\EntityFrameworkDemo.csproj", "{819D16B0-9138-43FA-BB4C-1E24C5E3E7C1}"
EndProject
Global
	GlobalSection(SolutionConfigurationPlatforms) = preSolution
		Debug|Any CPU = Debug|Any CPU
		Release|Any CPU = Release|Any CPU
	EndGlobalSection
	GlobalSection(ProjectConfigurationPlatforms) = postSolution
		{819D16B0-9138-43FA-BB4C-1E24C5E3E7C1}.Debug|Any CPU.ActiveCfg = Debug|Any CPU
		{819D16B0-9138-43FA-BB4C-1E24C5E3E7C1}.Debug|Any CPU.Build.0 = Debug|Any CPU
		{819D16B0-9138-43FA-BB4C-1E24C5E3E7C1}.Release|Any CPU.ActiveCfg = Release|Any CPU
		{819D16B0-9138-43FA-BB4C-1E24C5E3E7C1}.Release|Any CPU.Build.0 = Release|Any CPU
	EndGlobalSection
	GlobalSection(SolutionProperties) = preSolution
		HideSolutionNode = FALSE
	EndGlobalSection
	GlobalSection(ExtensibilityGlobals) = postSolution
		SolutionGuid = {D71C51A3-0994-4DA8-93BC-50E00E873FB3}
	EndGlobalSection
EndGlobal
