
Microsoft Visual Studio Solution File, Format Version 12.00
# Visual Studio Version 16
VisualStudioVersion = 16.0.30907.101
MinimumVisualStudioVersion = 10.0.40219.1
Project("{FAE04EC0-301F-11D3-BF4B-00C04F79EFBC}") = "AzureCosmosDbDemo", "AzureCosmosDbDemo\AzureCosmosDbDemo.csproj", "{4DEB9751-107E-4FE1-9E7A-EA28D307395A}"
EndProject
Global
	GlobalSection(SolutionConfigurationPlatforms) = preSolution
		Debug|Any CPU = Debug|Any CPU
		Release|Any CPU = Release|Any CPU
	EndGlobalSection
	GlobalSection(ProjectConfigurationPlatforms) = postSolution
		{4DEB9751-107E-4FE1-9E7A-EA28D307395A}.Debug|Any CPU.ActiveCfg = Debug|Any CPU
		{4DEB9751-107E-4FE1-9E7A-EA28D307395A}.Debug|Any CPU.Build.0 = Debug|Any CPU
		{4DEB9751-107E-4FE1-9E7A-EA28D307395A}.Release|Any CPU.ActiveCfg = Release|Any CPU
		{4DEB9751-107E-4FE1-9E7A-EA28D307395A}.Release|Any CPU.Build.0 = Release|Any CPU
	EndGlobalSection
	GlobalSection(SolutionProperties) = preSolution
		HideSolutionNode = FALSE
	EndGlobalSection
	GlobalSection(ExtensibilityGlobals) = postSolution
		SolutionGuid = {C2E71602-663A-4C29-828A-7C424D823B13}
	EndGlobalSection
EndGlobal
