
Microsoft Visual Studio Solution File, Format Version 12.00
# Visual Studio Version 16
VisualStudioVersion = 16.0.30406.217
MinimumVisualStudioVersion = 10.0.40219.1
Project("{FAE04EC0-301F-11D3-BF4B-00C04F79EFBC}") = "HttpClientDemo", "HttpClientDemo\HttpClientDemo.csproj", "{911CD75B-5368-4748-B940-543C32C40AD1}"
EndProject
Project("{FAE04EC0-301F-11D3-BF4B-00C04F79EFBC}") = "HttpClientGui", "HttpClientGui\HttpClientGui.csproj", "{F04F4C17-3163-48E7-BDFF-40B3EE152A27}"
EndProject
Global
	GlobalSection(SolutionConfigurationPlatforms) = preSolution
		Debug|Any CPU = Debug|Any CPU
		Release|Any CPU = Release|Any CPU
	EndGlobalSection
	GlobalSection(ProjectConfigurationPlatforms) = postSolution
		{911CD75B-5368-4748-B940-543C32C40AD1}.Debug|Any CPU.ActiveCfg = Debug|Any CPU
		{911CD75B-5368-4748-B940-543C32C40AD1}.Debug|Any CPU.Build.0 = Debug|Any CPU
		{911CD75B-5368-4748-B940-543C32C40AD1}.Release|Any CPU.ActiveCfg = Release|Any CPU
		{911CD75B-5368-4748-B940-543C32C40AD1}.Release|Any CPU.Build.0 = Release|Any CPU
		{F04F4C17-3163-48E7-BDFF-40B3EE152A27}.Debug|Any CPU.ActiveCfg = Debug|Any CPU
		{F04F4C17-3163-48E7-BDFF-40B3EE152A27}.Debug|Any CPU.Build.0 = Debug|Any CPU
		{F04F4C17-3163-48E7-BDFF-40B3EE152A27}.Release|Any CPU.ActiveCfg = Release|Any CPU
		{F04F4C17-3163-48E7-BDFF-40B3EE152A27}.Release|Any CPU.Build.0 = Release|Any CPU
	EndGlobalSection
	GlobalSection(SolutionProperties) = preSolution
		HideSolutionNode = FALSE
	EndGlobalSection
	GlobalSection(ExtensibilityGlobals) = postSolution
		SolutionGuid = {EB67CA47-DE81-40F2-8F1D-BB247278E8ED}
	EndGlobalSection
EndGlobal
